// !$*UTF8*$!
{
	archiveVersion = 1;
	classes = {
	};
	objectVersion = 50;
	objects = {

/* Begin PBXBuildFile section */
		35BF736A20B92E1B00C9DBB3 /* AppDelegate.m in Sources */ = {isa = PBXBuildFile; fileRef = 35BF736920B92E1B00C9DBB3 /* AppDelegate.m */; };
		35BF737020B92E1B00C9DBB3 /* Main.storyboard in Resources */ = {isa = PBXBuildFile; fileRef = 35BF736E20B92E1B00C9DBB3 /* Main.storyboard */; };
		35BF737220B92E1C00C9DBB3 /* Assets.xcassets in Resources */ = {isa = PBXBuildFile; fileRef = 35BF737120B92E1C00C9DBB3 /* Assets.xcassets */; };
		35BF737520B92E1C00C9DBB3 /* LaunchScreen.storyboard in Resources */ = {isa = PBXBuildFile; fileRef = 35BF737320B92E1C00C9DBB3 /* LaunchScreen.storyboard */; };
		35BF737820B92E1C00C9DBB3 /* main.m in Sources */ = {isa = PBXBuildFile; fileRef = 35BF737720B92E1C00C9DBB3 /* main.m */; };
		35BF738220B92E1C00C9DBB3 /* XLsn0wAutoLayoutTests.m in Sources */ = {isa = PBXBuildFile; fileRef = 35BF738120B92E1C00C9DBB3 /* XLsn0wAutoLayoutTests.m */; };
		35BF738D20B92E1C00C9DBB3 /* XLsn0wAutoLayoutUITests.m in Sources */ = {isa = PBXBuildFile; fileRef = 35BF738C20B92E1C00C9DBB3 /* XLsn0wAutoLayoutUITests.m */; };
		CDAE4F2F20BE84DE005E7AD6 /* ConstraintCell.m in Sources */ = {isa = PBXBuildFile; fileRef = CDAE4F2E20BE84DE005E7AD6 /* ConstraintCell.m */; };
		CDAE4F3320BE8616005E7AD6 /* ViewController.m in Sources */ = {isa = PBXBuildFile; fileRef = CDAE4F3220BE8616005E7AD6 /* ViewController.m */; };
		CDAE4F3520BE8673005E7AD6 /* img.png in Resources */ = {isa = PBXBuildFile; fileRef = CDAE4F3420BE8673005E7AD6 /* img.png */; };
		CDAE4F3720BE9589005E7AD6 /* XLsn0wConstraintLayout.podspec in Resources */ = {isa = PBXBuildFile; fileRef = CDAE4F3620BE9589005E7AD6 /* XLsn0wConstraintLayout.podspec */; };
		CDB677AE20BD41FF00726A17 /* UIView+MakeConstraints.m in Sources */ = {isa = PBXBuildFile; fileRef = CDB677AD20BD41FF00726A17 /* UIView+MakeConstraints.m */; };
		CDB677B420BD44BB00726A17 /* XLsn0wConstraintsMaker.m in Sources */ = {isa = PBXBuildFile; fileRef = CDB677B320BD44BB00726A17 /* XLsn0wConstraintsMaker.m */; };
/* End PBXBuildFile section */

/* Begin PBXContainerItemProxy section */
		35BF737E20B92E1C00C9DBB3 /* PBXContainerItemProxy */ = {
			isa = PBXContainerItemProxy;
			containerPortal = 35BF735D20B92E1A00C9DBB3 /* Project object */;
			proxyType = 1;
			remoteGlobalIDString = 35BF736420B92E1B00C9DBB3;
			remoteInfo = XLsn0wAutoLayout;
		};
		35BF738920B92E1C00C9DBB3 /* PBXContainerItemProxy */ = {
			isa = PBXContainerItemProxy;
			containerPortal = 35BF735D20B92E1A00C9DBB3 /* Project object */;
			proxyType = 1;
			remoteGlobalIDString = 35BF736420B92E1B00C9DBB3;
			remoteInfo = XLsn0wAutoLayout;
		};
/* End PBXContainerItemProxy section */

/* Begin PBXFileReference section */
		35BF736520B92E1B00C9DBB3 /* XLsn0wAutoLayout.app */ = {isa = PBXFileReference; explicitFileType = wrapper.application; includeInIndex = 0; path = XLsn0wAutoLayout.app; sourceTree = BUILT_PRODUCTS_DIR; };
		35BF736820B92E1B00C9DBB3 /* AppDelegate.h */ = {isa = PBXFileReference; lastKnownFileType = sourcecode.c.h; path = AppDelegate.h; sourceTree = "<group>"; };
		35BF736920B92E1B00C9DBB3 /* AppDelegate.m */ = {isa = PBXFileReference; lastKnownFileType = sourcecode.c.objc; path = AppDelegate.m; sourceTree = "<group>"; };
		35BF736B20B92E1B00C9DBB3 /* ViewController.h */ = {isa = PBXFileReference; lastKnownFileType = sourcecode.c.h; path = ViewController.h; sourceTree = "<group>"; };
		35BF736F20B92E1B00C9DBB3 /* Base */ = {isa = PBXFileReference; lastKnownFileType = file.storyboard; name = Base; path = Base.lproj/Main.storyboard; sourceTree = "<group>"; };
		35BF737120B92E1C00C9DBB3 /* Assets.xcassets */ = {isa = PBXFileReference; lastKnownFileType = folder.assetcatalog; path = Assets.xcassets; sourceTree = "<group>"; };
		35BF737420B92E1C00C9DBB3 /* Base */ = {isa = PBXFileReference; lastKnownFileType = file.storyboard; name = Base; path = Base.lproj/LaunchScreen.storyboard; sourceTree = "<group>"; };
		35BF737620B92E1C00C9DBB3 /* Info.plist */ = {isa = PBXFileReference; lastKnownFileType = text.plist.xml; path = Info.plist; sourceTree = "<group>"; };
		35BF737720B92E1C00C9DBB3 /* main.m */ = {isa = PBXFileReference; lastKnownFileType = sourcecode.c.objc; path = main.m; sourceTree = "<group>"; };
		35BF737D20B92E1C00C9DBB3 /* XLsn0wAutoLayoutTests.xctest */ = {isa = PBXFileReference; explicitFileType = wrapper.cfbundle; includeInIndex = 0; path = XLsn0wAutoLayoutTests.xctest; sourceTree = BUILT_PRODUCTS_DIR; };
		35BF738120B92E1C00C9DBB3 /* XLsn0wAutoLayoutTests.m */ = {isa = PBXFileReference; lastKnownFileType = sourcecode.c.objc; path = XLsn0wAutoLayoutTests.m; sourceTree = "<group>"; };
		35BF738320B92E1C00C9DBB3 /* Info.plist */ = {isa = PBXFileReference; lastKnownFileType = text.plist.xml; path = Info.plist; sourceTree = "<group>"; };
		35BF738820B92E1C00C9DBB3 /* XLsn0wAutoLayoutUITests.xctest */ = {isa = PBXFileReference; explicitFileType = wrapper.cfbundle; includeInIndex = 0; path = XLsn0wAutoLayoutUITests.xctest; sourceTree = BUILT_PRODUCTS_DIR; };
		35BF738C20B92E1C00C9DBB3 /* XLsn0wAutoLayoutUITests.m */ = {isa = PBXFileReference; lastKnownFileType = sourcecode.c.objc; path = XLsn0wAutoLayoutUITests.m; sourceTree = "<group>"; };
		35BF738E20B92E1C00C9DBB3 /* Info.plist */ = {isa = PBXFileReference; lastKnownFileType = text.plist.xml; path = Info.plist; sourceTree = "<group>"; };
		CDAE4F2D20BE84DE005E7AD6 /* ConstraintCell.h */ = {isa = PBXFileReference; fileEncoding = 4; lastKnownFileType = sourcecode.c.h; path = ConstraintCell.h; sourceTree = "<group>"; };
		CDAE4F2E20BE84DE005E7AD6 /* ConstraintCell.m */ = {isa = PBXFileReference; fileEncoding = 4; lastKnownFileType = sourcecode.c.objc; path = ConstraintCell.m; sourceTree = "<group>"; };
		CDAE4F3220BE8616005E7AD6 /* ViewController.m */ = {isa = PBXFileReference; fileEncoding = 4; lastKnownFileType = sourcecode.c.objc; path = ViewController.m; sourceTree = "<group>"; };
		CDAE4F3420BE8673005E7AD6 /* img.png */ = {isa = PBXFileReference; lastKnownFileType = image.png; path = img.png; sourceTree = "<group>"; };
		CDAE4F3620BE9589005E7AD6 /* XLsn0wConstraintLayout.podspec */ = {isa = PBXFileReference; fileEncoding = 4; lastKnownFileType = text; path = XLsn0wConstraintLayout.podspec; sourceTree = "<group>"; };
		CDB677AC20BD41FE00726A17 /* UIView+MakeConstraints.h */ = {isa = PBXFileReference; fileEncoding = 4; lastKnownFileType = sourcecode.c.h; path = "UIView+MakeConstraints.h"; sourceTree = "<group>"; };
		CDB677AD20BD41FF00726A17 /* UIView+MakeConstraints.m */ = {isa = PBXFileReference; fileEncoding = 4; lastKnownFileType = sourcecode.c.objc; path = "UIView+MakeConstraints.m"; sourceTree = "<group>"; };
		CDB677B220BD44BB00726A17 /* XLsn0wConstraintsMaker.h */ = {isa = PBXFileReference; lastKnownFileType = sourcecode.c.h; path = XLsn0wConstraintsMaker.h; sourceTree = "<group>"; };
		CDB677B320BD44BB00726A17 /* XLsn0wConstraintsMaker.m */ = {isa = PBXFileReference; lastKnownFileType = sourcecode.c.objc; path = XLsn0wConstraintsMaker.m; sourceTree = "<group>"; };
		CDEF44DE20BE3567003E9680 /* XLsn0wConstraintLayout.h */ = {isa = PBXFileReference; lastKnownFileType = sourcecode.c.h; path = XLsn0wConstraintLayout.h; sourceTree = "<group>"; };
/* End PBXFileReference section */

/* Begin PBXFrameworksBuildPhase section */
		35BF736220B92E1B00C9DBB3 /* Frameworks */ = {
			isa = PBXFrameworksBuildPhase;
			buildActionMask = 2147483647;
			files = (
			);
			runOnlyForDeploymentPostprocessing = 0;
		};
		35BF737A20B92E1C00C9DBB3 /* Frameworks */ = {
			isa = PBXFrameworksBuildPhase;
			buildActionMask = 2147483647;
			files = (
			);
			runOnlyForDeploymentPostprocessing = 0;
		};
		35BF738520B92E1C00C9DBB3 /* Frameworks */ = {
			isa = PBXFrameworksBuildPhase;
			buildActionMask = 2147483647;
			files = (
			);
			runOnlyForDeploymentPostprocessing = 0;
		};
/* End PBXFrameworksBuildPhase section */

/* Begin PBXGroup section */
		35BF735C20B92E1A00C9DBB3 = {
			isa = PBXGroup;
			children = (
				CDB677A120BD3A1500726A17 /* XLsn0wConstraintLayout */,
				35BF736720B92E1B00C9DBB3 /* XLsn0wAutoLayout */,
				35BF738020B92E1C00C9DBB3 /* XLsn0wAutoLayoutTests */,
				35BF738B20B92E1C00C9DBB3 /* XLsn0wAutoLayoutUITests */,
				35BF736620B92E1B00C9DBB3 /* Products */,
			);
			sourceTree = "<group>";
		};
		35BF736620B92E1B00C9DBB3 /* Products */ = {
			isa = PBXGroup;
			children = (
				35BF736520B92E1B00C9DBB3 /* XLsn0wAutoLayout.app */,
				35BF737D20B92E1C00C9DBB3 /* XLsn0wAutoLayoutTests.xctest */,
				35BF738820B92E1C00C9DBB3 /* XLsn0wAutoLayoutUITests.xctest */,
			);
			name = Products;
			sourceTree = "<group>";
		};
		35BF736720B92E1B00C9DBB3 /* XLsn0wAutoLayout */ = {
			isa = PBXGroup;
			children = (
				35BF736820B92E1B00C9DBB3 /* AppDelegate.h */,
				35BF736920B92E1B00C9DBB3 /* AppDelegate.m */,
				35BF736B20B92E1B00C9DBB3 /* ViewController.h */,
				CDAE4F3220BE8616005E7AD6 /* ViewController.m */,
				CDAE4F2D20BE84DE005E7AD6 /* ConstraintCell.h */,
				CDAE4F2E20BE84DE005E7AD6 /* ConstraintCell.m */,
				CDAE4F3420BE8673005E7AD6 /* img.png */,
				35BF736E20B92E1B00C9DBB3 /* Main.storyboard */,
				35BF737120B92E1C00C9DBB3 /* Assets.xcassets */,
				35BF737320B92E1C00C9DBB3 /* LaunchScreen.storyboard */,
				35BF737620B92E1C00C9DBB3 /* Info.plist */,
				35BF737720B92E1C00C9DBB3 /* main.m */,
			);
			path = XLsn0wAutoLayout;
			sourceTree = "<group>";
		};
		35BF738020B92E1C00C9DBB3 /* XLsn0wAutoLayoutTests */ = {
			isa = PBXGroup;
			children = (
				35BF738120B92E1C00C9DBB3 /* XLsn0wAutoLayoutTests.m */,
				35BF738320B92E1C00C9DBB3 /* Info.plist */,
			);
			path = XLsn0wAutoLayoutTests;
			sourceTree = "<group>";
		};
		35BF738B20B92E1C00C9DBB3 /* XLsn0wAutoLayoutUITests */ = {
			isa = PBXGroup;
			children = (
				35BF738C20B92E1C00C9DBB3 /* XLsn0wAutoLayoutUITests.m */,
				35BF738E20B92E1C00C9DBB3 /* Info.plist */,
			);
			path = XLsn0wAutoLayoutUITests;
			sourceTree = "<group>";
		};
		CD8B6AE520BD53EC00183C96 /* MakeConstraints */ = {
			isa = PBXGroup;
			children = (
				CDB677AC20BD41FE00726A17 /* UIView+MakeConstraints.h */,
				CDB677AD20BD41FF00726A17 /* UIView+MakeConstraints.m */,
			);
			path = MakeConstraints;
			sourceTree = "<group>";
		};
		CD8B6AE620BD5A9500183C96 /* XLsn0wConstraintsMaker */ = {
			isa = PBXGroup;
			children = (
				CDB677B220BD44BB00726A17 /* XLsn0wConstraintsMaker.h */,
				CDB677B320BD44BB00726A17 /* XLsn0wConstraintsMaker.m */,
			);
			path = XLsn0wConstraintsMaker;
			sourceTree = "<group>";
		};
		CDB677A120BD3A1500726A17 /* XLsn0wConstraintLayout */ = {
			isa = PBXGroup;
			children = (
				CDAE4F3620BE9589005E7AD6 /* XLsn0wConstraintLayout.podspec */,
				CDEF44DE20BE3567003E9680 /* XLsn0wConstraintLayout.h */,
				CD8B6AE620BD5A9500183C96 /* XLsn0wConstraintsMaker */,
				CD8B6AE520BD53EC00183C96 /* MakeConstraints */,
			);
			path = XLsn0wConstraintLayout;
			sourceTree = "<group>";
		};
/* End PBXGroup section */

/* Begin PBXNativeTarget section */
		35BF736420B92E1B00C9DBB3 /* XLsn0wAutoLayout */ = {
			isa = PBXNativeTarget;
			buildConfigurationList = 35BF739120B92E1C00C9DBB3 /* Build configuration list for PBXNativeTarget "XLsn0wAutoLayout" */;
			buildPhases = (
				35BF736120B92E1B00C9DBB3 /* Sources */,
				35BF736220B92E1B00C9DBB3 /* Frameworks */,
				35BF736320B92E1B00C9DBB3 /* Resources */,
			);
			buildRules = (
			);
			dependencies = (
			);
			name = XLsn0wAutoLayout;
			productName = XLsn0wAutoLayout;
			productReference = 35BF736520B92E1B00C9DBB3 /* XLsn0wAutoLayout.app */;
			productType = "com.apple.product-type.application";
		};
		35BF737C20B92E1C00C9DBB3 /* XLsn0wAutoLayoutTests */ = {
			isa = PBXNativeTarget;
			buildConfigurationList = 35BF739420B92E1C00C9DBB3 /* Build configuration list for PBXNativeTarget "XLsn0wAutoLayoutTests" */;
			buildPhases = (
				35BF737920B92E1C00C9DBB3 /* Sources */,
				35BF737A20B92E1C00C9DBB3 /* Frameworks */,
				35BF737B20B92E1C00C9DBB3 /* Resources */,
			);
			buildRules = (
			);
			dependencies = (
				35BF737F20B92E1C00C9DBB3 /* PBXTargetDependency */,
			);
			name = XLsn0wAutoLayoutTests;
			productName = XLsn0wAutoLayoutTests;
			productReference = 35BF737D20B92E1C00C9DBB3 /* XLsn0wAutoLayoutTests.xctest */;
			productType = "com.apple.product-type.bundle.unit-test";
		};
		35BF738720B92E1C00C9DBB3 /* XLsn0wAutoLayoutUITests */ = {
			isa = PBXNativeTarget;
			buildConfigurationList = 35BF739720B92E1C00C9DBB3 /* Build configuration list for PBXNativeTarget "XLsn0wAutoLayoutUITests" */;
			buildPhases = (
				35BF738420B92E1C00C9DBB3 /* Sources */,
				35BF738520B92E1C00C9DBB3 /* Frameworks */,
				35BF738620B92E1C00C9DBB3 /* Resources */,
			);
			buildRules = (
			);
			dependencies = (
				35BF738A20B92E1C00C9DBB3 /* PBXTargetDependency */,
			);
			name = XLsn0wAutoLayoutUITests;
			productName = XLsn0wAutoLayoutUITests;
			productReference = 35BF738820B92E1C00C9DBB3 /* XLsn0wAutoLayoutUITests.xctest */;
			productType = "com.apple.product-type.bundle.ui-testing";
		};
/* End PBXNativeTarget section */

/* Begin PBXProject section */
		35BF735D20B92E1A00C9DBB3 /* Project object */ = {
			isa = PBXProject;
			attributes = {
				LastUpgradeCheck = 0930;
				ORGANIZATIONNAME = XLsn0w;
				TargetAttributes = {
					35BF736420B92E1B00C9DBB3 = {
						CreatedOnToolsVersion = 9.3.1;
					};
					35BF737C20B92E1C00C9DBB3 = {
						CreatedOnToolsVersion = 9.3.1;
						TestTargetID = 35BF736420B92E1B00C9DBB3;
					};
					35BF738720B92E1C00C9DBB3 = {
						CreatedOnToolsVersion = 9.3.1;
						TestTargetID = 35BF736420B92E1B00C9DBB3;
					};
				};
			};
			buildConfigurationList = 35BF736020B92E1A00C9DBB3 /* Build configuration list for PBXProject "XLsn0wAutoLayout" */;
			compatibilityVersion = "Xcode 9.3";
			developmentRegion = en;
			hasScannedForEncodings = 0;
			knownRegions = (
				en,
				Base,
			);
			mainGroup = 35BF735C20B92E1A00C9DBB3;
			productRefGroup = 35BF736620B92E1B00C9DBB3 /* Products */;
			projectDirPath = "";
			projectRoot = "";
			targets = (
				35BF736420B92E1B00C9DBB3 /* XLsn0wAutoLayout */,
				35BF737C20B92E1C00C9DBB3 /* XLsn0wAutoLayoutTests */,
				35BF738720B92E1C00C9DBB3 /* XLsn0wAutoLayoutUITests */,
			);
		};
/* End PBXProject section */

/* Begin PBXResourcesBuildPhase section */
		35BF736320B92E1B00C9DBB3 /* Resources */ = {
			isa = PBXResourcesBuildPhase;
			buildActionMask = 2147483647;
			files = (
				35BF737520B92E1C00C9DBB3 /* LaunchScreen.storyboard in Resources */,
				CDAE4F3720BE9589005E7AD6 /* XLsn0wConstraintLayout.podspec in Resources */,
				CDAE4F3520BE8673005E7AD6 /* img.png in Resources */,
				35BF737220B92E1C00C9DBB3 /* Assets.xcassets in Resources */,
				35BF737020B92E1B00C9DBB3 /* Main.storyboard in Resources */,
			);
			runOnlyForDeploymentPostprocessing = 0;
		};
		35BF737B20B92E1C00C9DBB3 /* Resources */ = {
			isa = PBXResourcesBuildPhase;
			buildActionMask = 2147483647;
			files = (
			);
			runOnlyForDeploymentPostprocessing = 0;
		};
		35BF738620B92E1C00C9DBB3 /* Resources */ = {
			isa = PBXResourcesBuildPhase;
			buildActionMask = 2147483647;
			files = (
			);
			runOnlyForDeploymentPostprocessing = 0;
		};
/* End PBXResourcesBuildPhase section */

/* Begin PBXSourcesBuildPhase section */
		35BF736120B92E1B00C9DBB3 /* Sources */ = {
			isa = PBXSourcesBuildPhase;
			buildActionMask = 2147483647;
			files = (
				CDAE4F3320BE8616005E7AD6 /* ViewController.m in Sources */,
				CDAE4F2F20BE84DE005E7AD6 /* ConstraintCell.m in Sources */,
				35BF737820B92E1C00C9DBB3 /* main.m in Sources */,
				CDB677B420BD44BB00726A17 /* XLsn0wConstraintsMaker.m in Sources */,
				35BF736A20B92E1B00C9DBB3 /* AppDelegate.m in Sources */,
				CDB677AE20BD41FF00726A17 /* UIView+MakeConstraints.m in Sources */,
			);
			runOnlyForDeploymentPostprocessing = 0;
		};
		35BF737920B92E1C00C9DBB3 /* Sources */ = {
			isa = PBXSourcesBuildPhase;
			buildActionMask = 2147483647;
			files = (
				35BF738220B92E1C00C9DBB3 /* XLsn0wAutoLayoutTests.m in Sources */,
			);
			runOnlyForDeploymentPostprocessing = 0;
		};
		35BF738420B92E1C00C9DBB3 /* Sources */ = {
			isa = PBXSourcesBuildPhase;
			buildActionMask = 2147483647;
			files = (
				35BF738D20B92E1C00C9DBB3 /* XLsn0wAutoLayoutUITests.m in Sources */,
			);
			runOnlyForDeploymentPostprocessing = 0;
		};
/* End PBXSourcesBuildPhase section */

/* Begin PBXTargetDependency section */
		35BF737F20B92E1C00C9DBB3 /* PBXTargetDependency */ = {
			isa = PBXTargetDependency;
			target = 35BF736420B92E1B00C9DBB3 /* XLsn0wAutoLayout */;
			targetProxy = 35BF737E20B92E1C00C9DBB3 /* PBXContainerItemProxy */;
		};
		35BF738A20B92E1C00C9DBB3 /* PBXTargetDependency */ = {
			isa = PBXTargetDependency;
			target = 35BF736420B92E1B00C9DBB3 /* XLsn0wAutoLayout */;
			targetProxy = 35BF738920B92E1C00C9DBB3 /* PBXContainerItemProxy */;
		};
/* End PBXTargetDependency section */

/* Begin PBXVariantGroup section */
		35BF736E20B92E1B00C9DBB3 /* Main.storyboard */ = {
			isa = PBXVariantGroup;
			children = (
				35BF736F20B92E1B00C9DBB3 /* Base */,
			);
			name = Main.storyboard;
			sourceTree = "<group>";
		};
		35BF737320B92E1C00C9DBB3 /* LaunchScreen.storyboard */ = {
			isa = PBXVariantGroup;
			children = (
				35BF737420B92E1C00C9DBB3 /* Base */,
			);
			name = LaunchScreen.storyboard;
			sourceTree = "<group>";
		};
/* End PBXVariantGroup section */

/* Begin XCBuildConfiguration section */
		35BF738F20B92E1C00C9DBB3 /* Debug */ = {
			isa = XCBuildConfiguration;
			buildSettings = {
				ALWAYS_SEARCH_USER_PATHS = NO;
				CLANG_ANALYZER_NONNULL = YES;
				CLANG_ANALYZER_NUMBER_OBJECT_CONVERSION = YES_AGGRESSIVE;
				CLANG_CXX_LANGUAGE_STANDARD = "gnu++14";
				CLANG_CXX_LIBRARY = "libc++";
				CLANG_ENABLE_MODULES = YES;
				CLANG_ENABLE_OBJC_ARC = YES;
				CLANG_ENABLE_OBJC_WEAK = YES;
				CLANG_WARN_BLOCK_CAPTURE_AUTORELEASING = YES;
				CLANG_WARN_BOOL_CONVERSION = YES;
				CLANG_WARN_COMMA = YES;
				CLANG_WARN_CONSTANT_CONVERSION = YES;
				CLANG_WARN_DEPRECATED_OBJC_IMPLEMENTATIONS = YES;
				CLANG_WARN_DIRECT_OBJC_ISA_USAGE = YES_ERROR;
				CLANG_WARN_DOCUMENTATION_COMMENTS = YES;
				CLANG_WARN_EMPTY_BODY = YES;
				CLANG_WARN_ENUM_CONVERSION = YES;
				CLANG_WARN_INFINITE_RECURSION = YES;
				CLANG_WARN_INT_CONVERSION = YES;
				CLANG_WARN_NON_LITERAL_NULL_CONVERSION = YES;
				CLANG_WARN_OBJC_IMPLICIT_RETAIN_SELF = YES;
				CLANG_WARN_OBJC_LITERAL_CONVERSION = YES;
				CLANG_WARN_OBJC_ROOT_CLASS = YES_ERROR;
				CLANG_WARN_RANGE_LOOP_ANALYSIS = YES;
				CLANG_WARN_STRICT_PROTOTYPES = YES;
				CLANG_WARN_SUSPICIOUS_MOVE = YES;
				CLANG_WARN_UNGUARDED_AVAILABILITY = YES_AGGRESSIVE;
				CLANG_WARN_UNREACHABLE_CODE = YES;
				CLANG_WARN__DUPLICATE_METHOD_MATCH = YES;
				CODE_SIGN_IDENTITY = "iPhone Developer";
				COPY_PHASE_STRIP = NO;
				DEBUG_INFORMATION_FORMAT = dwarf;
				ENABLE_STRICT_OBJC_MSGSEND = YES;
				ENABLE_TESTABILITY = YES;
				GCC_C_LANGUAGE_STANDARD = gnu11;
				GCC_DYNAMIC_NO_PIC = NO;
				GCC_NO_COMMON_BLOCKS = YES;
				GCC_OPTIMIZATION_LEVEL = 0;
				GCC_PREPROCESSOR_DEFINITIONS = (
					"DEBUG=1",
					"$(inherited)",
				);
				GCC_WARN_64_TO_32_BIT_CONVERSION = YES;
				GCC_WARN_ABOUT_RETURN_TYPE = YES_ERROR;
				GCC_WARN_UNDECLARED_SELECTOR = YES;
				GCC_WARN_UNINITIALIZED_AUTOS = YES_AGGRESSIVE;
				GCC_WARN_UNUSED_FUNCTION = YES;
				GCC_WARN_UNUSED_VARIABLE = YES;
				IPHONEOS_DEPLOYMENT_TARGET = 11.3;
				MTL_ENABLE_DEBUG_INFO = YES;
				ONLY_ACTIVE_ARCH = YES;
				SDKROOT = iphoneos;
			};
			name = Debug;
		};
		35BF739020B92E1C00C9DBB3 /* Release */ = {
			isa = XCBuildConfiguration;
			buildSettings = {
				ALWAYS_SEARCH_USER_PATHS = NO;
				CLANG_ANALYZER_NONNULL = YES;
				CLANG_ANALYZER_NUMBER_OBJECT_CONVERSION = YES_AGGRESSIVE;
				CLANG_CXX_LANGUAGE_STANDARD = "gnu++14";
				CLANG_CXX_LIBRARY = "libc++";
				CLANG_ENABLE_MODULES = YES;
				CLANG_ENABLE_OBJC_ARC = YES;
				CLANG_ENABLE_OBJC_WEAK = YES;
				CLANG_WARN_BLOCK_CAPTURE_AUTORELEASING = YES;
				CLANG_WARN_BOOL_CONVERSION = YES;
				CLANG_WARN_COMMA = YES;
				CLANG_WARN_CONSTANT_CONVERSION = YES;
				CLANG_WARN_DEPRECATED_OBJC_IMPLEMENTATIONS = YES;
				CLANG_WARN_DIRECT_OBJC_ISA_USAGE = YES_ERROR;
				CLANG_WARN_DOCUMENTATION_COMMENTS = YES;
				CLANG_WARN_EMPTY_BODY = YES;
				CLANG_WARN_ENUM_CONVERSION = YES;
				CLANG_WARN_INFINITE_RECURSION = YES;
				CLANG_WARN_INT_CONVERSION = YES;
				CLANG_WARN_NON_LITERAL_NULL_CONVERSION = YES;
				CLANG_WARN_OBJC_IMPLICIT_RETAIN_SELF = YES;
				CLANG_WARN_OBJC_LITERAL_CONVERSION = YES;
				CLANG_WARN_OBJC_ROOT_CLASS = YES_ERROR;
				CLANG_WARN_RANGE_LOOP_ANALYSIS = YES;
				CLANG_WARN_STRICT_PROTOTYPES = YES;
				CLANG_WARN_SUSPICIOUS_MOVE = YES;
				CLANG_WARN_UNGUARDED_AVAILABILITY = YES_AGGRESSIVE;
				CLANG_WARN_UNREACHABLE_CODE = YES;
				CLANG_WARN__DUPLICATE_METHOD_MATCH = YES;
				CODE_SIGN_IDENTITY = "iPhone Developer";
				COPY_PHASE_STRIP = NO;
				DEBUG_INFORMATION_FORMAT = "dwarf-with-dsym";
				ENABLE_NS_ASSERTIONS = NO;
				ENABLE_STRICT_OBJC_MSGSEND = YES;
				GCC_C_LANGUAGE_STANDARD = gnu11;
				GCC_NO_COMMON_BLOCKS = YES;
				GCC_WARN_64_TO_32_BIT_CONVERSION = YES;
				GCC_WARN_ABOUT_RETURN_TYPE = YES_ERROR;
				GCC_WARN_UNDECLARED_SELECTOR = YES;
				GCC_WARN_UNINITIALIZED_AUTOS = YES_AGGRESSIVE;
				GCC_WARN_UNUSED_FUNCTION = YES;
				GCC_WARN_UNUSED_VARIABLE = YES;
				IPHONEOS_DEPLOYMENT_TARGET = 11.3;
				MTL_ENABLE_DEBUG_INFO = NO;
				SDKROOT = iphoneos;
				VALIDATE_PRODUCT = YES;
			};
			name = Release;
		};
		35BF739220B92E1C00C9DBB3 /* Debug */ = {
			isa = XCBuildConfiguration;
			buildSettings = {
				ASSETCATALOG_COMPILER_APPICON_NAME = AppIcon;
				CODE_SIGN_STYLE = Automatic;
				INFOPLIST_FILE = XLsn0wAutoLayout/Info.plist;
				LD_RUNPATH_SEARCH_PATHS = (
					"$(inherited)",
					"@executable_path/Frameworks",
				);
				PRODUCT_BUNDLE_IDENTIFIER = com.outlook.xlsn0w.XLsn0wAutoLayout;
				PRODUCT_NAME = "$(TARGET_NAME)";
				TARGETED_DEVICE_FAMILY = "1,2";
			};
			name = Debug;
		};
		35BF739320B92E1C00C9DBB3 /* Release */ = {
			isa = XCBuildConfiguration;
			buildSettings = {
				ASSETCATALOG_COMPILER_APPICON_NAME = AppIcon;
				CODE_SIGN_STYLE = Automatic;
				INFOPLIST_FILE = XLsn0wAutoLayout/Info.plist;
				LD_RUNPATH_SEARCH_PATHS = (
					"$(inherited)",
					"@executable_path/Frameworks",
				);
				PRODUCT_BUNDLE_IDENTIFIER = com.outlook.xlsn0w.XLsn0wAutoLayout;
				PRODUCT_NAME = "$(TARGET_NAME)";
				TARGETED_DEVICE_FAMILY = "1,2";
			};
			name = Release;
		};
		35BF739520B92E1C00C9DBB3 /* Debug */ = {
			isa = XCBuildConfiguration;
			buildSettings = {
				BUNDLE_LOADER = "$(TEST_HOST)";
				CODE_SIGN_STYLE = Automatic;
				INFOPLIST_FILE = XLsn0wAutoLayoutTests/Info.plist;
				LD_RUNPATH_SEARCH_PATHS = (
					"$(inherited)",
					"@executable_path/Frameworks",
					"@loader_path/Frameworks",
				);
				PRODUCT_BUNDLE_IDENTIFIER = com.outlook.xlsn0w.XLsn0wAutoLayoutTests;
				PRODUCT_NAME = "$(TARGET_NAME)";
				TARGETED_DEVICE_FAMILY = "1,2";
				TEST_HOST = "$(BUILT_PRODUCTS_DIR)/XLsn0wAutoLayout.app/XLsn0wAutoLayout";
			};
			name = Debug;
		};
		35BF739620B92E1C00C9DBB3 /* Release */ = {
			isa = XCBuildConfiguration;
			buildSettings = {
				BUNDLE_LOADER = "$(TEST_HOST)";
				CODE_SIGN_STYLE = Automatic;
				INFOPLIST_FILE = XLsn0wAutoLayoutTests/Info.plist;
				LD_RUNPATH_SEARCH_PATHS = (
					"$(inherited)",
					"@executable_path/Frameworks",
					"@loader_path/Frameworks",
				);
				PRODUCT_BUNDLE_IDENTIFIER = com.outlook.xlsn0w.XLsn0wAutoLayoutTests;
				PRODUCT_NAME = "$(TARGET_NAME)";
				TARGETED_DEVICE_FAMILY = "1,2";
				TEST_HOST = "$(BUILT_PRODUCTS_DIR)/XLsn0wAutoLayout.app/XLsn0wAutoLayout";
			};
			name = Release;
		};
		35BF739820B92E1C00C9DBB3 /* Debug */ = {
			isa = XCBuildConfiguration;
			buildSettings = {
				CODE_SIGN_STYLE = Automatic;
				INFOPLIST_FILE = XLsn0wAutoLayoutUITests/Info.plist;
				LD_RUNPATH_SEARCH_PATHS = (
					"$(inherited)",
					"@executable_path/Frameworks",
					"@loader_path/Frameworks",
				);
				PRODUCT_BUNDLE_IDENTIFIER = com.outlook.xlsn0w.XLsn0wAutoLayoutUITests;
				PRODUCT_NAME = "$(TARGET_NAME)";
				TARGETED_DEVICE_FAMILY = "1,2";
				TEST_TARGET_NAME = XLsn0wAutoLayout;
			};
			name = Debug;
		};
		35BF739920B92E1C00C9DBB3 /* Release */ = {
			isa = XCBuildConfiguration;
			buildSettings = {
				CODE_SIGN_STYLE = Automatic;
				INFOPLIST_FILE = XLsn0wAutoLayoutUITests/Info.plist;
				LD_RUNPATH_SEARCH_PATHS = (
					"$(inherited)",
					"@executable_path/Frameworks",
					"@loader_path/Frameworks",
				);
				PRODUCT_BUNDLE_IDENTIFIER = com.outlook.xlsn0w.XLsn0wAutoLayoutUITests;
				PRODUCT_NAME = "$(TARGET_NAME)";
				TARGETED_DEVICE_FAMILY = "1,2";
				TEST_TARGET_NAME = XLsn0wAutoLayout;
			};
			name = Release;
		};
/* End XCBuildConfiguration section */

/* Begin XCConfigurationList section */
		35BF736020B92E1A00C9DBB3 /* Build configuration list for PBXProject "XLsn0wAutoLayout" */ = {
			isa = XCConfigurationList;
			buildConfigurations = (
				35BF738F20B92E1C00C9DBB3 /* Debug */,
				35BF739020B92E1C00C9DBB3 /* Release */,
			);
			defaultConfigurationIsVisible = 0;
			defaultConfigurationName = Release;
		};
		35BF739120B92E1C00C9DBB3 /* Build configuration list for PBXNativeTarget "XLsn0wAutoLayout" */ = {
			isa = XCConfigurationList;
			buildConfigurations = (
				35BF739220B92E1C00C9DBB3 /* Debug */,
				35BF739320B92E1C00C9DBB3 /* Release */,
			);
			defaultConfigurationIsVisible = 0;
			defaultConfigurationName = Release;
		};
		35BF739420B92E1C00C9DBB3 /* Build configuration list for PBXNativeTarget "XLsn0wAutoLayoutTests" */ = {
			isa = XCConfigurationList;
			buildConfigurations = (
				35BF739520B92E1C00C9DBB3 /* Debug */,
				35BF739620B92E1C00C9DBB3 /* Release */,
			);
			defaultConfigurationIsVisible = 0;
			defaultConfigurationName = Release;
		};
		35BF739720B92E1C00C9DBB3 /* Build configuration list for PBXNativeTarget "XLsn0wAutoLayoutUITests" */ = {
			isa = XCConfigurationList;
			buildConfigurations = (
				35BF739820B92E1C00C9DBB3 /* Debug */,
				35BF739920B92E1C00C9DBB3 /* Release */,
			);
			defaultConfigurationIsVisible = 0;
			defaultConfigurationName = Release;
		};
/* End XCConfigurationList section */
	};
	rootObject = 35BF735D20B92E1A00C9DBB3 /* Project object */;
}
